
Microsoft Visual Studio Solution File, Format Version 11.00
# Visual Studio 2010
Project("{8BC9CEB8-8B4A-11D0-8D11-00A0C91BC942}") = "TimBall TomBall", "TimBall TomBall\TimBall TomBall.vcxproj", "{176C5A7B-08F2-425C-8195-20376A54F759}"
EndProject
Global
	GlobalSection(SolutionConfigurationPlatforms) = preSolution
		Debug|Win32 = Debug|Win32
		Release|Win32 = Release|Win32
	EndGlobalSection
	GlobalSection(ProjectConfigurationPlatforms) = postSolution
		{176C5A7B-08F2-425C-8195-20376A54F759}.Debug|Win32.ActiveCfg = Debug|Win32
		{176C5A7B-08F2-425C-8195-20376A54F759}.Debug|Win32.Build.0 = Debug|Win32
		{176C5A7B-08F2-425C-8195-20376A54F759}.Release|Win32.ActiveCfg = Release|Win32
		{176C5A7B-08F2-425C-8195-20376A54F759}.Release|Win32.Build.0 = Release|Win32
	EndGlobalSection
	GlobalSection(SolutionProperties) = preSolution
		HideSolutionNode = FALSE
	EndGlobalSection
EndGlobal
